
Microsoft Visual Studio Solution File, Format Version 12.00
# Visual Studio 2013
VisualStudioVersion = 12.0.40629.0
MinimumVisualStudioVersion = 10.0.40219.1
Project("{9092AA53-FB77-4645-B42D-1CCCA6BD08BD}") = "Bucho Shop", "Bucho Shop.njsproj", "{844D10C0-06E5-4A1E-AE8A-06330155DD79}"
EndProject
Global
	GlobalSection(SolutionConfigurationPlatforms) = preSolution
		Debug|Any CPU = Debug|Any CPU
		Release|Any CPU = Release|Any CPU
	EndGlobalSection
	GlobalSection(ProjectConfigurationPlatforms) = postSolution
		{844D10C0-06E5-4A1E-AE8A-06330155DD79}.Debug|Any CPU.ActiveCfg = Debug|Any CPU
		{844D10C0-06E5-4A1E-AE8A-06330155DD79}.Debug|Any CPU.Build.0 = Debug|Any CPU
		{844D10C0-06E5-4A1E-AE8A-06330155DD79}.Release|Any CPU.ActiveCfg = Release|Any CPU
		{844D10C0-06E5-4A1E-AE8A-06330155DD79}.Release|Any CPU.Build.0 = Release|Any CPU
	EndGlobalSection
	GlobalSection(SolutionProperties) = preSolution
		HideSolutionNode = FALSE
	EndGlobalSection
EndGlobal
